
Microsoft Visual Studio Solution File, Format Version 12.00
# Visual Studio Version 17
VisualStudioVersion = 17.8.34330.188
MinimumVisualStudioVersion = 10.0.40219.1
Project("{FAE04EC0-301F-11D3-BF4B-00C04F79EFBC}") = "Linq_prec", "Linq_prec.csproj", "{5B63FBF5-A34E-4DB5-99E1-FFA108EDE78D}"
EndProject
Global
	GlobalSection(SolutionConfigurationPlatforms) = preSolution
		Debug|Any CPU = Debug|Any CPU
		Release|Any CPU = Release|Any CPU
	EndGlobalSection
	GlobalSection(ProjectConfigurationPlatforms) = postSolution
		{5B63FBF5-A34E-4DB5-99E1-FFA108EDE78D}.Debug|Any CPU.ActiveCfg = Debug|Any CPU
		{5B63FBF5-A34E-4DB5-99E1-FFA108EDE78D}.Debug|Any CPU.Build.0 = Debug|Any CPU
		{5B63FBF5-A34E-4DB5-99E1-FFA108EDE78D}.Release|Any CPU.ActiveCfg = Release|Any CPU
		{5B63FBF5-A34E-4DB5-99E1-FFA108EDE78D}.Release|Any CPU.Build.0 = Release|Any CPU
	EndGlobalSection
	GlobalSection(SolutionProperties) = preSolution
		HideSolutionNode = FALSE
	EndGlobalSection
	GlobalSection(ExtensibilityGlobals) = postSolution
		SolutionGuid = {76472EE3-71B0-49E0-8EF6-1A32224A7A4A}
	EndGlobalSection
EndGlobal
